
Microsoft Visual Studio Solution File, Format Version 12.00
# Visual Studio 15
VisualStudioVersion = 15.0.27130.2027
MinimumVisualStudioVersion = 10.0.40219.1
Project("{FAE04EC0-301F-11D3-BF4B-00C04F79EFBC}") = "UiPathTeam.SharedContext.Activities", "UiPathTeam.SharedContext.Activities\UiPathTeam.SharedContext.Activities.csproj", "{7EA0999F-DEFF-4E2F-A59C-788410E65C1C}"
EndProject
Project("{FAE04EC0-301F-11D3-BF4B-00C04F79EFBC}") = "UiPathTeam.SharedContext.Activities.Test", "UiPathTeam.SharedContext.Activities.Test\UiPathTeam.SharedContext.Activities.Test.csproj", "{420E7F3F-900C-446F-8FA3-0FA62FAEF2FA}"
EndProject
Global
	GlobalSection(SolutionConfigurationPlatforms) = preSolution
		Debug|Any CPU = Debug|Any CPU
		Debug|x64 = Debug|x64
		Debug|x86 = Debug|x86
		Release|Any CPU = Release|Any CPU
		Release|x64 = Release|x64
		Release|x86 = Release|x86
	EndGlobalSection
	GlobalSection(ProjectConfigurationPlatforms) = postSolution
		{7EA0999F-DEFF-4E2F-A59C-788410E65C1C}.Debug|Any CPU.ActiveCfg = Debug|Any CPU
		{7EA0999F-DEFF-4E2F-A59C-788410E65C1C}.Debug|Any CPU.Build.0 = Debug|Any CPU
		{7EA0999F-DEFF-4E2F-A59C-788410E65C1C}.Debug|x64.ActiveCfg = Debug|x64
		{7EA0999F-DEFF-4E2F-A59C-788410E65C1C}.Debug|x64.Build.0 = Debug|x64
		{7EA0999F-DEFF-4E2F-A59C-788410E65C1C}.Debug|x86.ActiveCfg = Debug|x86
		{7EA0999F-DEFF-4E2F-A59C-788410E65C1C}.Debug|x86.Build.0 = Debug|x86
		{7EA0999F-DEFF-4E2F-A59C-788410E65C1C}.Release|Any CPU.ActiveCfg = Release|Any CPU
		{7EA0999F-DEFF-4E2F-A59C-788410E65C1C}.Release|Any CPU.Build.0 = Release|Any CPU
		{7EA0999F-DEFF-4E2F-A59C-788410E65C1C}.Release|x64.ActiveCfg = Release|x64
		{7EA0999F-DEFF-4E2F-A59C-788410E65C1C}.Release|x64.Build.0 = Release|x64
		{7EA0999F-DEFF-4E2F-A59C-788410E65C1C}.Release|x86.ActiveCfg = Release|x86
		{7EA0999F-DEFF-4E2F-A59C-788410E65C1C}.Release|x86.Build.0 = Release|x86
		{420E7F3F-900C-446F-8FA3-0FA62FAEF2FA}.Debug|Any CPU.ActiveCfg = Debug|Any CPU
		{420E7F3F-900C-446F-8FA3-0FA62FAEF2FA}.Debug|Any CPU.Build.0 = Debug|Any CPU
		{420E7F3F-900C-446F-8FA3-0FA62FAEF2FA}.Debug|x64.ActiveCfg = Debug|Any CPU
		{420E7F3F-900C-446F-8FA3-0FA62FAEF2FA}.Debug|x64.Build.0 = Debug|Any CPU
		{420E7F3F-900C-446F-8FA3-0FA62FAEF2FA}.Debug|x86.ActiveCfg = Debug|Any CPU
		{420E7F3F-900C-446F-8FA3-0FA62FAEF2FA}.Debug|x86.Build.0 = Debug|Any CPU
		{420E7F3F-900C-446F-8FA3-0FA62FAEF2FA}.Release|Any CPU.ActiveCfg = Release|Any CPU
		{420E7F3F-900C-446F-8FA3-0FA62FAEF2FA}.Release|Any CPU.Build.0 = Release|Any CPU
		{420E7F3F-900C-446F-8FA3-0FA62FAEF2FA}.Release|x64.ActiveCfg = Release|Any CPU
		{420E7F3F-900C-446F-8FA3-0FA62FAEF2FA}.Release|x64.Build.0 = Release|Any CPU
		{420E7F3F-900C-446F-8FA3-0FA62FAEF2FA}.Release|x86.ActiveCfg = Release|Any CPU
		{420E7F3F-900C-446F-8FA3-0FA62FAEF2FA}.Release|x86.Build.0 = Release|Any CPU
	EndGlobalSection
	GlobalSection(SolutionProperties) = preSolution
		HideSolutionNode = FALSE
	EndGlobalSection
	GlobalSection(ExtensibilityGlobals) = postSolution
		SolutionGuid = {8FDC2642-3BED-43B0-8E94-7C0EE73DB0C1}
	EndGlobalSection
EndGlobal
